
Microsoft Visual Studio Solution File, Format Version 12.00
# Visual Studio Version 17
VisualStudioVersion = 17.11.35312.102
MinimumVisualStudioVersion = 10.0.40219.1
Project("{FAE04EC0-301F-11D3-BF4B-00C04F79EFBC}") = "PeopleFinder.WebApi", "PeopleFinder.WebApi.csproj", "{EDB76448-3196-408A-BFB7-A1594233C247}"
EndProject
Project("{FAE04EC0-301F-11D3-BF4B-00C04F79EFBC}") = "PeopleFinder.Domain", "..\PeopleFinder.Domain\PeopleFinder.Domain.csproj", "{F35A0644-E9F0-4926-B793-936ACE596AA4}"
EndProject
Project("{FAE04EC0-301F-11D3-BF4B-00C04F79EFBC}") = "PeopleFinder.BusinessService", "..\PeopleFinder.BusinessService\PeopleFinder.BusinessService.csproj", "{2CF44F34-9031-44D4-8B84-D3B527A1DBC7}"
EndProject
Project("{FAE04EC0-301F-11D3-BF4B-00C04F79EFBC}") = "PeopleFinder.DataAccess", "..\PeopleFinder.DataAccess\PeopleFinder.DataAccess.csproj", "{7D8D6653-D963-4D77-9CD2-8ED5BBF0890E}"
EndProject
Global
	GlobalSection(SolutionConfigurationPlatforms) = preSolution
		Debug|Any CPU = Debug|Any CPU
		Release|Any CPU = Release|Any CPU
	EndGlobalSection
	GlobalSection(ProjectConfigurationPlatforms) = postSolution
		{EDB76448-3196-408A-BFB7-A1594233C247}.Debug|Any CPU.ActiveCfg = Debug|Any CPU
		{EDB76448-3196-408A-BFB7-A1594233C247}.Debug|Any CPU.Build.0 = Debug|Any CPU
		{EDB76448-3196-408A-BFB7-A1594233C247}.Release|Any CPU.ActiveCfg = Release|Any CPU
		{EDB76448-3196-408A-BFB7-A1594233C247}.Release|Any CPU.Build.0 = Release|Any CPU
		{F35A0644-E9F0-4926-B793-936ACE596AA4}.Debug|Any CPU.ActiveCfg = Debug|Any CPU
		{F35A0644-E9F0-4926-B793-936ACE596AA4}.Debug|Any CPU.Build.0 = Debug|Any CPU
		{F35A0644-E9F0-4926-B793-936ACE596AA4}.Release|Any CPU.ActiveCfg = Release|Any CPU
		{F35A0644-E9F0-4926-B793-936ACE596AA4}.Release|Any CPU.Build.0 = Release|Any CPU
		{2CF44F34-9031-44D4-8B84-D3B527A1DBC7}.Debug|Any CPU.ActiveCfg = Debug|Any CPU
		{2CF44F34-9031-44D4-8B84-D3B527A1DBC7}.Debug|Any CPU.Build.0 = Debug|Any CPU
		{2CF44F34-9031-44D4-8B84-D3B527A1DBC7}.Release|Any CPU.ActiveCfg = Release|Any CPU
		{2CF44F34-9031-44D4-8B84-D3B527A1DBC7}.Release|Any CPU.Build.0 = Release|Any CPU
		{7D8D6653-D963-4D77-9CD2-8ED5BBF0890E}.Debug|Any CPU.ActiveCfg = Debug|Any CPU
		{7D8D6653-D963-4D77-9CD2-8ED5BBF0890E}.Debug|Any CPU.Build.0 = Debug|Any CPU
		{7D8D6653-D963-4D77-9CD2-8ED5BBF0890E}.Release|Any CPU.ActiveCfg = Release|Any CPU
		{7D8D6653-D963-4D77-9CD2-8ED5BBF0890E}.Release|Any CPU.Build.0 = Release|Any CPU
	EndGlobalSection
	GlobalSection(SolutionProperties) = preSolution
		HideSolutionNode = FALSE
	EndGlobalSection
	GlobalSection(ExtensibilityGlobals) = postSolution
		SolutionGuid = {5C92E942-3717-4004-9BAE-326CE3AB5843}
	EndGlobalSection
EndGlobal
